
Microsoft Visual Studio Solution File, Format Version 12.00
# Visual Studio Version 16
VisualStudioVersion = 16.0.31424.327
MinimumVisualStudioVersion = 10.0.40219.1
Project("{FAE04EC0-301F-11D3-BF4B-00C04F79EFBC}") = "PersonelListesi", "PersonelListesi\PersonelListesi.csproj", "{D9A180E7-3CE3-41D7-ABF0-43E7FB0E807E}"
EndProject
Global
	GlobalSection(SolutionConfigurationPlatforms) = preSolution
		Debug|Any CPU = Debug|Any CPU
		Release|Any CPU = Release|Any CPU
	EndGlobalSection
	GlobalSection(ProjectConfigurationPlatforms) = postSolution
		{D9A180E7-3CE3-41D7-ABF0-43E7FB0E807E}.Debug|Any CPU.ActiveCfg = Debug|Any CPU
		{D9A180E7-3CE3-41D7-ABF0-43E7FB0E807E}.Debug|Any CPU.Build.0 = Debug|Any CPU
		{D9A180E7-3CE3-41D7-ABF0-43E7FB0E807E}.Release|Any CPU.ActiveCfg = Release|Any CPU
		{D9A180E7-3CE3-41D7-ABF0-43E7FB0E807E}.Release|Any CPU.Build.0 = Release|Any CPU
	EndGlobalSection
	GlobalSection(SolutionProperties) = preSolution
		HideSolutionNode = FALSE
	EndGlobalSection
	GlobalSection(ExtensibilityGlobals) = postSolution
		SolutionGuid = {CDC4CD60-87C6-4DD4-A076-22211AF8A5E4}
	EndGlobalSection
EndGlobal
